Microsoft Visual Studio Solution File, Format Version 12.00
# Visual Studio 14
VisualStudioVersion = 14.0.25420.1
MinimumVisualStudioVersion = 10.0.40219.1
Project("{8BC9CEB8-8B4A-11D0-8D11-00A0C91BC942}") = "version", "version\version.vcxproj", "{65FA97EA-A569-4FC1-BFE7-D68E109143F7}"
EndProject
Project("{8BC9CEB8-8B4A-11D0-8D11-00A0C91BC942}") = "xeniface_coinst", "xeniface_coinst\xeniface_coinst.vcxproj", "{85C731AD-2EA2-4049-A542-D2D38EDE938C}"
	ProjectSection(ProjectDependencies) = postProject
		{65FA97EA-A569-4FC1-BFE7-D68E109143F7} = {65FA97EA-A569-4FC1-BFE7-D68E109143F7}
	EndProjectSection
EndProject
Project("{8BC9CEB8-8B4A-11D0-8D11-00A0C91BC942}") = "xeniface", "xeniface\xeniface.vcxproj", "{22166290-65D8-49D2-BB88-33201797C7D8}"
	ProjectSection(ProjectDependencies) = postProject
		{65FA97EA-A569-4FC1-BFE7-D68E109143F7} = {65FA97EA-A569-4FC1-BFE7-D68E109143F7}
	EndProjectSection
EndProject
Project("{8BC9CEB8-8B4A-11D0-8D11-00A0C91BC942}") = "xenagent", "xenagent\xenagent.vcxproj", "{2E61D2CC-865E-442C-8C83-B8DAFD7BBD3B}"
	ProjectSection(ProjectDependencies) = postProject
		{65FA97EA-A569-4FC1-BFE7-D68E109143F7} = {65FA97EA-A569-4FC1-BFE7-D68E109143F7}
	EndProjectSection
EndProject
Project("{8BC9CEB8-8B4A-11D0-8D11-00A0C91BC942}") = "package", "package\package.vcxproj", "{9B071A35-897C-477A-AEB7-95F77618A21D}"
	ProjectSection(ProjectDependencies) = postProject
		{65FA97EA-A569-4FC1-BFE7-D68E109143F7} = {65FA97EA-A569-4FC1-BFE7-D68E109143F7}
		{22166290-65D8-49D2-BB88-33201797C7D8} = {22166290-65D8-49D2-BB88-33201797C7D8}
		{85C731AD-2EA2-4049-A542-D2D38EDE938C} = {85C731AD-2EA2-4049-A542-D2D38EDE938C}
		{2E61D2CC-865E-442C-8C83-B8DAFD7BBD3B} = {2E61D2CC-865E-442C-8C83-B8DAFD7BBD3B}
	EndProjectSection
EndProject
Project("{8BC9CEB8-8B4A-11D0-8D11-00A0C91BC942}") = "xencontrol", "xencontrol\xencontrol.vcxproj", "{D386D8E9-D015-4AD2-A5C2-4F845A803FA2}"
	ProjectSection(ProjectDependencies) = postProject
		{65FA97EA-A569-4FC1-BFE7-D68E109143F7} = {65FA97EA-A569-4FC1-BFE7-D68E109143F7}
	EndProjectSection
EndProject
Global
	GlobalSection(SolutionConfigurationPlatforms) = preSolution
		Windows 8 Debug|Win32 = Windows 8 Debug|Win32
		Windows 8 Debug|x64 = Windows 8 Debug|x64
		Windows 8 Release|Win32 = Windows 8 Release|Win32
		Windows 8 Release|x64 = Windows 8 Release|x64
		Windows 10 Debug|Win32 = Windows 10 Debug|Win32
		Windows 10 Debug|x64 = Windows 10 Debug|x64
		Windows 10 Release|Win32 = Windows 10 Release|Win32
		Windows 10 Release|x64 = Windows 10 Release|x64
	EndGlobalSection
	GlobalSection(ProjectConfigurationPlatforms) = postSolution
		{65FA97EA-A569-4FC1-BFE7-D68E109143F7}.Windows 10 Debug|Win32.ActiveCfg = Windows 10 Debug|Win32
		{65FA97EA-A569-4FC1-BFE7-D68E109143F7}.Windows 10 Debug|Win32.Build.0 = Windows 10 Debug|Win32
		{65FA97EA-A569-4FC1-BFE7-D68E109143F7}.Windows 10 Debug|x64.ActiveCfg = Windows 10 Debug|x64
		{65FA97EA-A569-4FC1-BFE7-D68E109143F7}.Windows 10 Debug|x64.Build.0 = Windows 10 Debug|x64
		{65FA97EA-A569-4FC1-BFE7-D68E109143F7}.Windows 10 Release|Win32.ActiveCfg = Windows 10 Release|Win32
		{65FA97EA-A569-4FC1-BFE7-D68E109143F7}.Windows 10 Release|Win32.Build.0 = Windows 10 Release|Win32
		{65FA97EA-A569-4FC1-BFE7-D68E109143F7}.Windows 10 Release|x64.ActiveCfg = Windows 10 Release|x64
		{65FA97EA-A569-4FC1-BFE7-D68E109143F7}.Windows 10 Release|x64.Build.0 = Windows 10 Release|x64
		{65FA97EA-A569-4FC1-BFE7-D68E109143F7}.Windows 8 Debug|Win32.ActiveCfg = Windows 8 Debug|Win32
		{65FA97EA-A569-4FC1-BFE7-D68E109143F7}.Windows 8 Debug|Win32.Build.0 = Windows 8 Debug|Win32
		{65FA97EA-A569-4FC1-BFE7-D68E109143F7}.Windows 8 Debug|x64.ActiveCfg = Windows 8 Debug|x64
		{65FA97EA-A569-4FC1-BFE7-D68E109143F7}.Windows 8 Debug|x64.Build.0 = Windows 8 Debug|x64
		{65FA97EA-A569-4FC1-BFE7-D68E109143F7}.Windows 8 Release|Win32.ActiveCfg = Windows 8 Release|Win32
		{65FA97EA-A569-4FC1-BFE7-D68E109143F7}.Windows 8 Release|Win32.Build.0 = Windows 8 Release|Win32
		{65FA97EA-A569-4FC1-BFE7-D68E109143F7}.Windows 8 Release|x64.ActiveCfg = Windows 8 Release|x64
		{65FA97EA-A569-4FC1-BFE7-D68E109143F7}.Windows 8 Release|x64.Build.0 = Windows 8 Release|x64
		{85C731AD-2EA2-4049-A542-D2D38EDE938C}.Windows 8 Debug|Win32.ActiveCfg = Windows 8 Debug|Win32
		{85C731AD-2EA2-4049-A542-D2D38EDE938C}.Windows 8 Debug|Win32.Build.0 = Windows 8 Debug|Win32
		{85C731AD-2EA2-4049-A542-D2D38EDE938C}.Windows 8 Debug|Win32.Deploy.0 = Windows 8 Debug|Win32
		{85C731AD-2EA2-4049-A542-D2D38EDE938C}.Windows 8 Debug|x64.ActiveCfg = Windows 8 Debug|x64
		{85C731AD-2EA2-4049-A542-D2D38EDE938C}.Windows 8 Debug|x64.Build.0 = Windows 8 Debug|x64
		{85C731AD-2EA2-4049-A542-D2D38EDE938C}.Windows 8 Debug|x64.Deploy.0 = Windows 8 Debug|x64
		{85C731AD-2EA2-4049-A542-D2D38EDE938C}.Windows 8 Release|Win32.ActiveCfg = Windows 8 Release|Win32
		{85C731AD-2EA2-4049-A542-D2D38EDE938C}.Windows 8 Release|Win32.Build.0 = Windows 8 Release|Win32
		{85C731AD-2EA2-4049-A542-D2D38EDE938C}.Windows 8 Release|Win32.Deploy.0 = Windows 8 Release|Win32
		{85C731AD-2EA2-4049-A542-D2D38EDE938C}.Windows 8 Release|x64.ActiveCfg = Windows 8 Release|x64
		{85C731AD-2EA2-4049-A542-D2D38EDE938C}.Windows 8 Release|x64.Build.0 = Windows 8 Release|x64
		{85C731AD-2EA2-4049-A542-D2D38EDE938C}.Windows 8 Release|x64.Deploy.0 = Windows 8 Release|x64
		{85C731AD-2EA2-4049-A542-D2D38EDE938C}.Windows 10 Debug|Win32.ActiveCfg = Windows 10 Debug|Win32
		{85C731AD-2EA2-4049-A542-D2D38EDE938C}.Windows 10 Debug|Win32.Build.0 = Windows 10 Debug|Win32
		{85C731AD-2EA2-4049-A542-D2D38EDE938C}.Windows 10 Debug|Win32.Deploy.0 = Windows 10 Debug|Win32
		{85C731AD-2EA2-4049-A542-D2D38EDE938C}.Windows 10 Debug|x64.ActiveCfg = Windows 10 Debug|x64
		{85C731AD-2EA2-4049-A542-D2D38EDE938C}.Windows 10 Debug|x64.Build.0 = Windows 10 Debug|x64
		{85C731AD-2EA2-4049-A542-D2D38EDE938C}.Windows 10 Debug|x64.Deploy.0 = Windows 10 Debug|x64
		{85C731AD-2EA2-4049-A542-D2D38EDE938C}.Windows 10 Release|Win32.ActiveCfg = Windows 10 Release|Win32
		{85C731AD-2EA2-4049-A542-D2D38EDE938C}.Windows 10 Release|Win32.Build.0 = Windows 10 Release|Win32
		{85C731AD-2EA2-4049-A542-D2D38EDE938C}.Windows 10 Release|Win32.Deploy.0 = Windows 10 Release|Win32
		{85C731AD-2EA2-4049-A542-D2D38EDE938C}.Windows 10 Release|x64.ActiveCfg = Windows 10 Release|x64
		{85C731AD-2EA2-4049-A542-D2D38EDE938C}.Windows 10 Release|x64.Build.0 = Windows 10 Release|x64
		{85C731AD-2EA2-4049-A542-D2D38EDE938C}.Windows 10 Release|x64.Deploy.0 = Windows 10 Release|x64
		{22166290-65D8-49D2-BB88-33201797C7D8}.Windows 8 Debug|Win32.ActiveCfg = Windows 8 Debug|Win32
		{22166290-65D8-49D2-BB88-33201797C7D8}.Windows 8 Debug|Win32.Build.0 = Windows 8 Debug|Win32
		{22166290-65D8-49D2-BB88-33201797C7D8}.Windows 8 Debug|Win32.Deploy.0 = Windows 8 Debug|Win32
		{22166290-65D8-49D2-BB88-33201797C7D8}.Windows 8 Debug|x64.ActiveCfg = Windows 8 Debug|x64
		{22166290-65D8-49D2-BB88-33201797C7D8}.Windows 8 Debug|x64.Build.0 = Windows 8 Debug|x64
		{22166290-65D8-49D2-BB88-33201797C7D8}.Windows 8 Debug|x64.Deploy.0 = Windows 8 Debug|x64
		{22166290-65D8-49D2-BB88-33201797C7D8}.Windows 8 Release|Win32.ActiveCfg = Windows 8 Release|Win32
		{22166290-65D8-49D2-BB88-33201797C7D8}.Windows 8 Release|Win32.Build.0 = Windows 8 Release|Win32
		{22166290-65D8-49D2-BB88-33201797C7D8}.Windows 8 Release|Win32.Deploy.0 = Windows 8 Release|Win32
		{22166290-65D8-49D2-BB88-33201797C7D8}.Windows 8 Release|x64.ActiveCfg = Windows 8 Release|x64
		{22166290-65D8-49D2-BB88-33201797C7D8}.Windows 8 Release|x64.Build.0 = Windows 8 Release|x64
		{22166290-65D8-49D2-BB88-33201797C7D8}.Windows 8 Release|x64.Deploy.0 = Windows 8 Release|x64
		{22166290-65D8-49D2-BB88-33201797C7D8}.Windows 10 Debug|Win32.ActiveCfg = Windows 10 Debug|Win32
		{22166290-65D8-49D2-BB88-33201797C7D8}.Windows 10 Debug|Win32.Build.0 = Windows 10 Debug|Win32
		{22166290-65D8-49D2-BB88-33201797C7D8}.Windows 10 Debug|Win32.Deploy.0 = Windows 10 Debug|Win32
		{22166290-65D8-49D2-BB88-33201797C7D8}.Windows 10 Debug|x64.ActiveCfg = Windows 10 Debug|x64
		{22166290-65D8-49D2-BB88-33201797C7D8}.Windows 10 Debug|x64.Build.0 = Windows 10 Debug|x64
		{22166290-65D8-49D2-BB88-33201797C7D8}.Windows 10 Debug|x64.Deploy.0 = Windows 10 Debug|x64
		{22166290-65D8-49D2-BB88-33201797C7D8}.Windows 10 Release|Win32.ActiveCfg = Windows 10 Release|Win32
		{22166290-65D8-49D2-BB88-33201797C7D8}.Windows 10 Release|Win32.Build.0 = Windows 10 Release|Win32
		{22166290-65D8-49D2-BB88-33201797C7D8}.Windows 10 Release|Win32.Deploy.0 = Windows 10 Release|Win32
		{22166290-65D8-49D2-BB88-33201797C7D8}.Windows 10 Release|x64.ActiveCfg = Windows 10 Release|x64
		{22166290-65D8-49D2-BB88-33201797C7D8}.Windows 10 Release|x64.Build.0 = Windows 10 Release|x64
		{22166290-65D8-49D2-BB88-33201797C7D8}.Windows 10 Release|x64.Deploy.0 = Windows 10 Release|x64
		{2E61D2CC-865E-442C-8C83-B8DAFD7BBD3B}.Windows 8 Debug|Win32.ActiveCfg = Windows 8 Debug|Win32
		{2E61D2CC-865E-442C-8C83-B8DAFD7BBD3B}.Windows 8 Debug|Win32.Build.0 = Windows 8 Debug|Win32
		{2E61D2CC-865E-442C-8C83-B8DAFD7BBD3B}.Windows 8 Debug|Win32.Deploy.0 = Windows 8 Debug|Win32
		{2E61D2CC-865E-442C-8C83-B8DAFD7BBD3B}.Windows 8 Debug|x64.ActiveCfg = Windows 8 Debug|x64
		{2E61D2CC-865E-442C-8C83-B8DAFD7BBD3B}.Windows 8 Debug|x64.Build.0 = Windows 8 Debug|x64
		{2E61D2CC-865E-442C-8C83-B8DAFD7BBD3B}.Windows 8 Debug|x64.Deploy.0 = Windows 8 Debug|x64
		{2E61D2CC-865E-442C-8C83-B8DAFD7BBD3B}.Windows 8 Release|Win32.ActiveCfg = Windows 8 Release|Win32
		{2E61D2CC-865E-442C-8C83-B8DAFD7BBD3B}.Windows 8 Release|Win32.Build.0 = Windows 8 Release|Win32
		{2E61D2CC-865E-442C-8C83-B8DAFD7BBD3B}.Windows 8 Release|Win32.Deploy.0 = Windows 8 Release|Win32
		{2E61D2CC-865E-442C-8C83-B8DAFD7BBD3B}.Windows 8 Release|x64.ActiveCfg = Windows 8 Release|x64
		{2E61D2CC-865E-442C-8C83-B8DAFD7BBD3B}.Windows 8 Release|x64.Build.0 = Windows 8 Release|x64
		{2E61D2CC-865E-442C-8C83-B8DAFD7BBD3B}.Windows 8 Release|x64.Deploy.0 = Windows 8 Release|x64
		{2E61D2CC-865E-442C-8C83-B8DAFD7BBD3B}.Windows 10 Debug|Win32.ActiveCfg = Windows 10 Debug|Win32
		{2E61D2CC-865E-442C-8C83-B8DAFD7BBD3B}.Windows 10 Debug|Win32.Build.0 = Windows 10 Debug|Win32
		{2E61D2CC-865E-442C-8C83-B8DAFD7BBD3B}.Windows 10 Debug|Win32.Deploy.0 = Windows 10 Debug|Win32
		{2E61D2CC-865E-442C-8C83-B8DAFD7BBD3B}.Windows 10 Debug|x64.ActiveCfg = Windows 10 Debug|x64
		{2E61D2CC-865E-442C-8C83-B8DAFD7BBD3B}.Windows 10 Debug|x64.Build.0 = Windows 10 Debug|x64
		{2E61D2CC-865E-442C-8C83-B8DAFD7BBD3B}.Windows 10 Debug|x64.Deploy.0 = Windows 10 Debug|x64
		{2E61D2CC-865E-442C-8C83-B8DAFD7BBD3B}.Windows 10 Release|Win32.ActiveCfg = Windows 10 Release|Win32
		{2E61D2CC-865E-442C-8C83-B8DAFD7BBD3B}.Windows 10 Release|Win32.Build.0 = Windows 10 Release|Win32
		{2E61D2CC-865E-442C-8C83-B8DAFD7BBD3B}.Windows 10 Release|Win32.Deploy.0 = Windows 10 Release|Win32
		{2E61D2CC-865E-442C-8C83-B8DAFD7BBD3B}.Windows 10 Release|x64.ActiveCfg = Windows 10 Release|x64
		{2E61D2CC-865E-442C-8C83-B8DAFD7BBD3B}.Windows 10 Release|x64.Build.0 = Windows 10 Release|x64
		{2E61D2CC-865E-442C-8C83-B8DAFD7BBD3B}.Windows 10 Release|x64.Deploy.0 = Windows 10 Release|x64
		{9B071A35-897C-477A-AEB7-95F77618A21D}.Windows 8 Debug|Win32.ActiveCfg = Windows 8 Debug|Win32
		{9B071A35-897C-477A-AEB7-95F77618A21D}.Windows 8 Debug|Win32.Build.0 = Windows 8 Debug|Win32
		{9B071A35-897C-477A-AEB7-95F77618A21D}.Windows 8 Debug|Win32.Deploy.0 = Windows 8 Debug|Win32
		{9B071A35-897C-477A-AEB7-95F77618A21D}.Windows 8 Debug|x64.ActiveCfg = Windows 8 Debug|x64
		{9B071A35-897C-477A-AEB7-95F77618A21D}.Windows 8 Debug|x64.Build.0 = Windows 8 Debug|x64
		{9B071A35-897C-477A-AEB7-95F77618A21D}.Windows 8 Debug|x64.Deploy.0 = Windows 8 Debug|x64
		{9B071A35-897C-477A-AEB7-95F77618A21D}.Windows 8 Release|Win32.ActiveCfg = Windows 8 Release|Win32
		{9B071A35-897C-477A-AEB7-95F77618A21D}.Windows 8 Release|Win32.Build.0 = Windows 8 Release|Win32
		{9B071A35-897C-477A-AEB7-95F77618A21D}.Windows 8 Release|Win32.Deploy.0 = Windows 8 Release|Win32
		{9B071A35-897C-477A-AEB7-95F77618A21D}.Windows 8 Release|x64.ActiveCfg = Windows 8 Release|x64
		{9B071A35-897C-477A-AEB7-95F77618A21D}.Windows 8 Release|x64.Build.0 = Windows 8 Release|x64
		{9B071A35-897C-477A-AEB7-95F77618A21D}.Windows 8 Release|x64.Deploy.0 = Windows 8 Release|x64
		{9B071A35-897C-477A-AEB7-95F77618A21D}.Windows 10 Debug|Win32.ActiveCfg = Windows 10 Debug|Win32
		{9B071A35-897C-477A-AEB7-95F77618A21D}.Windows 10 Debug|Win32.Build.0 = Windows 10 Debug|Win32
		{9B071A35-897C-477A-AEB7-95F77618A21D}.Windows 10 Debug|Win32.Deploy.0 = Windows 10 Debug|Win32
		{9B071A35-897C-477A-AEB7-95F77618A21D}.Windows 10 Debug|x64.ActiveCfg = Windows 10 Debug|x64
		{9B071A35-897C-477A-AEB7-95F77618A21D}.Windows 10 Debug|x64.Build.0 = Windows 10 Debug|x64
		{9B071A35-897C-477A-AEB7-95F77618A21D}.Windows 10 Debug|x64.Deploy.0 = Windows 10 Debug|x64
		{9B071A35-897C-477A-AEB7-95F77618A21D}.Windows 10 Release|Win32.ActiveCfg = Windows 10 Release|Win32
		{9B071A35-897C-477A-AEB7-95F77618A21D}.Windows 10 Release|Win32.Build.0 = Windows 10 Release|Win32
		{9B071A35-897C-477A-AEB7-95F77618A21D}.Windows 10 Release|Win32.Deploy.0 = Windows 10 Release|Win32
		{9B071A35-897C-477A-AEB7-95F77618A21D}.Windows 10 Release|x64.ActiveCfg = Windows 10 Release|x64
		{9B071A35-897C-477A-AEB7-95F77618A21D}.Windows 10 Release|x64.Build.0 = Windows 10 Release|x64
		{9B071A35-897C-477A-AEB7-95F77618A21D}.Windows 10 Release|x64.Deploy.0 = Windows 10 Release|x64
		{D386D8E9-D015-4AD2-A5C2-4F845A803FA2}.Windows 8 Debug|Win32.ActiveCfg = Windows 8 Debug|Win32
		{D386D8E9-D015-4AD2-A5C2-4F845A803FA2}.Windows 8 Debug|Win32.Build.0 = Windows 8 Debug|Win32
		{D386D8E9-D015-4AD2-A5C2-4F845A803FA2}.Windows 8 Debug|Win32.Deploy.0 = Windows 8 Debug|Win32
		{D386D8E9-D015-4AD2-A5C2-4F845A803FA2}.Windows 8 Debug|x64.ActiveCfg = Windows 8 Debug|x64
		{D386D8E9-D015-4AD2-A5C2-4F845A803FA2}.Windows 8 Debug|x64.Build.0 = Windows 8 Debug|x64
		{D386D8E9-D015-4AD2-A5C2-4F845A803FA2}.Windows 8 Debug|x64.Deploy.0 = Windows 8 Debug|x64
		{D386D8E9-D015-4AD2-A5C2-4F845A803FA2}.Windows 8 Release|Win32.ActiveCfg = Windows 8 Release|Win32
		{D386D8E9-D015-4AD2-A5C2-4F845A803FA2}.Windows 8 Release|Win32.Build.0 = Windows 8 Release|Win32
		{D386D8E9-D015-4AD2-A5C2-4F845A803FA2}.Windows 8 Release|Win32.Deploy.0 = Windows 8 Release|Win32
		{D386D8E9-D015-4AD2-A5C2-4F845A803FA2}.Windows 8 Release|x64.ActiveCfg = Windows 8 Release|x64
		{D386D8E9-D015-4AD2-A5C2-4F845A803FA2}.Windows 8 Release|x64.Build.0 = Windows 8 Release|x64
		{D386D8E9-D015-4AD2-A5C2-4F845A803FA2}.Windows 8 Release|x64.Deploy.0 = Windows 8 Release|x64
		{D386D8E9-D015-4AD2-A5C2-4F845A803FA2}.Windows 10 Debug|Win32.ActiveCfg = Windows 10 Debug|Win32
		{D386D8E9-D015-4AD2-A5C2-4F845A803FA2}.Windows 10 Debug|Win32.Build.0 = Windows 10 Debug|Win32
		{D386D8E9-D015-4AD2-A5C2-4F845A803FA2}.Windows 10 Debug|Win32.Deploy.0 = Windows 10 Debug|Win32
		{D386D8E9-D015-4AD2-A5C2-4F845A803FA2}.Windows 10 Debug|x64.ActiveCfg = Windows 10 Debug|x64
		{D386D8E9-D015-4AD2-A5C2-4F845A803FA2}.Windows 10 Debug|x64.Build.0 = Windows 10 Debug|x64
		{D386D8E9-D015-4AD2-A5C2-4F845A803FA2}.Windows 10 Debug|x64.Deploy.0 = Windows 10 Debug|x64
		{D386D8E9-D015-4AD2-A5C2-4F845A803FA2}.Windows 10 Release|Win32.ActiveCfg = Windows 10 Release|Win32
		{D386D8E9-D015-4AD2-A5C2-4F845A803FA2}.Windows 10 Release|Win32.Build.0 = Windows 10 Release|Win32
		{D386D8E9-D015-4AD2-A5C2-4F845A803FA2}.Windows 10 Release|Win32.Deploy.0 = Windows 10 Release|Win32
		{D386D8E9-D015-4AD2-A5C2-4F845A803FA2}.Windows 10 Release|x64.ActiveCfg = Windows 10 Release|x64
		{D386D8E9-D015-4AD2-A5C2-4F845A803FA2}.Windows 10 Release|x64.Build.0 = Windows 10 Release|x64
		{D386D8E9-D015-4AD2-A5C2-4F845A803FA2}.Windows 10 Release|x64.Deploy.0 = Windows 10 Release|x64
	EndGlobalSection
	GlobalSection(SolutionProperties) = preSolution
		HideSolutionNode = FALSE
	EndGlobalSection
EndGlobal
